
Microsoft Visual Studio Solution File, Format Version 12.00
# Visual Studio Version 17
VisualStudioVersion = 17.11.35327.3
MinimumVisualStudioVersion = 10.0.40219.1
Project("{FAE04EC0-301F-11D3-BF4B-00C04F79EFBC}") = "HomeWork-8r", "HomeWork-8r\HomeWork-8r.csproj", "{E8C04312-E152-4136-9D41-C82050318FEC}"
EndProject
Global
	GlobalSection(SolutionConfigurationPlatforms) = preSolution
		Debug|Any CPU = Debug|Any CPU
		Release|Any CPU = Release|Any CPU
	EndGlobalSection
	GlobalSection(ProjectConfigurationPlatforms) = postSolution
		{E8C04312-E152-4136-9D41-C82050318FEC}.Debug|Any CPU.ActiveCfg = Debug|Any CPU
		{E8C04312-E152-4136-9D41-C82050318FEC}.Debug|Any CPU.Build.0 = Debug|Any CPU
		{E8C04312-E152-4136-9D41-C82050318FEC}.Release|Any CPU.ActiveCfg = Release|Any CPU
		{E8C04312-E152-4136-9D41-C82050318FEC}.Release|Any CPU.Build.0 = Release|Any CPU
	EndGlobalSection
	GlobalSection(SolutionProperties) = preSolution
		HideSolutionNode = FALSE
	EndGlobalSection
	GlobalSection(ExtensibilityGlobals) = postSolution
		SolutionGuid = {E8A55B6E-7271-4831-8DDF-3635379505B8}
	EndGlobalSection
EndGlobal
